{
  "name": "atelier-anchor.com",
  "version": "0.1.0",
  "lockfileVersion": 2,
  "requires": true,
  "packages": {
    "": {
      "version": "0.1.0",
      "dependencies": {
        "bootstrap": "^5.1.0"
      }
    },
    "node_modules/@popperjs/core": {
      "version": "2.9.3",
      "resolved": "https://registry.nlark.com/@popperjs/core/download/@popperjs/core-2.9.3.tgz",
      "integrity": "sha1-i2jaHr1/xgOZnPbr7jSkiZoUuI4=",
      "peer": true
    },
    "node_modules/bootstrap": {
      "version": "5.1.0",
      "resolved": "https://registry.nlark.com/bootstrap/download/bootstrap-5.1.0.tgz?cache=0&sync_timestamp=1628093108387&other_urls=https%3A%2F%2Fregistry.nlark.com%2Fbootstrap%2Fdownload%2Fbootstrap-5.1.0.tgz",
      "integrity": "sha1-VD749E9LmvZ7AjDxlQhUL+w471U=",
      "peerDependencies": {
        "@popperjs/core": "^2.9.3"
      }
    }
  },
  "dependencies": {
    "@popperjs/core": {
      "version": "2.9.3",
      "resolved": "https://registry.nlark.com/@popperjs/core/download/@popperjs/core-2.9.3.tgz",
      "integrity": "sha1-i2jaHr1/xgOZnPbr7jSkiZoUuI4=",
      "peer": true
    },
    "bootstrap": {
      "version": "5.1.0",
      "resolved": "https://registry.nlark.com/bootstrap/download/bootstrap-5.1.0.tgz?cache=0&sync_timestamp=1628093108387&other_urls=https%3A%2F%2Fregistry.nlark.com%2Fbootstrap%2Fdownload%2Fbootstrap-5.1.0.tgz",
      "integrity": "sha1-VD749E9LmvZ7AjDxlQhUL+w471U=",
      "requires": {}
    }
  }
}
